
Microsoft Visual Studio Solution File, Format Version 12.00
# Visual Studio 15
VisualStudioVersion = 15.0.27130.2036
MinimumVisualStudioVersion = 10.0.40219.1
Project("{FAE04EC0-301F-11D3-BF4B-00C04F79EFBC}") = "SacramentPlannerMVC", "SacramentPlannerMVC\SacramentPlannerMVC.csproj", "{87DFA5A4-FEF8-470D-861A-1DC8B84DC946}"
EndProject
Global
	GlobalSection(SolutionConfigurationPlatforms) = preSolution
		Debug|Any CPU = Debug|Any CPU
		Release|Any CPU = Release|Any CPU
	EndGlobalSection
	GlobalSection(ProjectConfigurationPlatforms) = postSolution
		{87DFA5A4-FEF8-470D-861A-1DC8B84DC946}.Debug|Any CPU.ActiveCfg = Debug|Any CPU
		{87DFA5A4-FEF8-470D-861A-1DC8B84DC946}.Debug|Any CPU.Build.0 = Debug|Any CPU
		{87DFA5A4-FEF8-470D-861A-1DC8B84DC946}.Release|Any CPU.ActiveCfg = Release|Any CPU
		{87DFA5A4-FEF8-470D-861A-1DC8B84DC946}.Release|Any CPU.Build.0 = Release|Any CPU
	EndGlobalSection
	GlobalSection(SolutionProperties) = preSolution
		HideSolutionNode = FALSE
	EndGlobalSection
	GlobalSection(ExtensibilityGlobals) = postSolution
		SolutionGuid = {40D441E4-E413-4988-84FB-B365E9530517}
	EndGlobalSection
EndGlobal
